PODS:
  - Alamofire (5.10.2)
  - BigInt (5.2.0)
  - Capacitor (8.3.3):
    - CapacitorCordova
  - CapacitorApp (8.1.0):
    - Capacitor
  - CapacitorCordova (8.3.3)
  - CapacitorFirebaseAuthentication (8.3.0):
    - Capacitor
    - CapacitorFirebaseAuthentication/Lite (= 8.3.0)
    - FirebaseAuth (~> 12.7.0)
  - CapacitorFirebaseAuthentication/Lite (8.3.0):
    - Capacitor
    - FirebaseAuth (~> 12.7.0)
  - CapacitorHaptics (8.0.2):
    - Capacitor
  - CapacitorNetwork (8.0.1):
    - Capacitor
  - CapacitorPreferences (8.0.1):
    - Capacitor
  - CapacitorPushNotifications (8.0.4):
    - Capacitor
  - CapacitorScreenOrientation (8.0.1):
    - Capacitor
  - CapacitorSplashScreen (8.0.1):
    - Capacitor
  - CapacitorStatusBar (8.0.2):
    - Capacitor
  - CapawesomeCapacitorAppUpdate (8.0.3):
    - Capacitor
  - CapgoCapacitorContacts (8.0.17):
    - Capacitor
  - CapgoCapacitorUpdater (8.49.7):
    - Alamofire (= 5.10.2)
    - BigInt (= 5.2.0)
    - Capacitor
    - Version (= 0.8.0)
    - ZIPFoundation (~> 0.9)
  - CapgoInappbrowser (8.0.6):
    - Capacitor
  - FirebaseAppCheckInterop (12.7.0)
  - FirebaseAuth (12.7.0):
    - FirebaseAppCheckInterop (~> 12.7.0)
    - FirebaseAuthInterop (~> 12.7.0)
    - FirebaseCore (~> 12.7.0)
    - FirebaseCoreExtension (~> 12.7.0)
    - GoogleUtilities/AppDelegateSwizzler (~> 8.1)
    - GoogleUtilities/Environment (~> 8.1)
    - GTMSessionFetcher/Core (< 6.0, >= 3.4)
    - RecaptchaInterop (~> 101.0)
  - FirebaseAuthInterop (12.7.0)
  - FirebaseCore (12.7.0):
    - FirebaseCoreInternal (~> 12.7.0)
    - GoogleUtilities/Environment (~> 8.1)
    - GoogleUtilities/Logger (~> 8.1)
  - FirebaseCoreExtension (12.7.0):
    - FirebaseCore (~> 12.7.0)
  - FirebaseCoreInternal (12.7.0):
    - "GoogleUtilities/NSData+zlib (~> 8.1)"
  - FirebaseInstallations (12.7.0):
    - FirebaseCore (~> 12.7.0)
    - GoogleUtilities/Environment (~> 8.1)
    - GoogleUtilities/UserDefaults (~> 8.1)
    - PromisesObjC (~> 2.4)
  - FirebaseMessaging (12.7.0):
    - FirebaseCore (~> 12.7.0)
    - FirebaseInstallations (~> 12.7.0)
    - GoogleDataTransport (~> 10.1)
    - GoogleUtilities/AppDelegateSwizzler (~> 8.1)
    - GoogleUtilities/Environment (~> 8.1)
    - GoogleUtilities/Reachability (~> 8.1)
    - GoogleUtilities/UserDefaults (~> 8.1)
    - nanopb (~> 3.30910.0)
  - GoogleDataTransport (10.1.0):
    - nanopb (~> 3.30910.0)
    - PromisesObjC (~> 2.4)
  - GoogleUtilities/AppDelegateSwizzler (8.1.1):
    - GoogleUtilities/Environment
    - GoogleUtilities/Logger
    - GoogleUtilities/Network
    - GoogleUtilities/Privacy
  - GoogleUtilities/Environment (8.1.1):
    - GoogleUtilities/Privacy
  - GoogleUtilities/Logger (8.1.1):
    - GoogleUtilities/Environment
    - GoogleUtilities/Privacy
  - GoogleUtilities/Network (8.1.1):
    - GoogleUtilities/Logger
    - "GoogleUtilities/NSData+zlib"
    - GoogleUtilities/Privacy
    - GoogleUtilities/Reachability
  - "GoogleUtilities/NSData+zlib (8.1.1)":
    - GoogleUtilities/Privacy
  - GoogleUtilities/Privacy (8.1.1)
  - GoogleUtilities/Reachability (8.1.1):
    - GoogleUtilities/Logger
    - GoogleUtilities/Privacy
  - GoogleUtilities/UserDefaults (8.1.1):
    - GoogleUtilities/Logger
    - GoogleUtilities/Privacy
  - GTMSessionFetcher/Core (5.3.0)
  - nanopb (3.30910.0):
    - nanopb/decode (= 3.30910.0)
    - nanopb/encode (= 3.30910.0)
  - nanopb/decode (3.30910.0)
  - nanopb/encode (3.30910.0)
  - PromisesObjC (2.4.1)
  - RecaptchaInterop (101.0.0)
  - Version (0.8.0)
  - ZIPFoundation (0.9.20)

DEPENDENCIES:
  - "Capacitor (from `../../../../node_modules/.pnpm/@capacitor+ios@8.3.3_@capacitor+core@8.3.3/node_modules/@capacitor/ios`)"
  - "CapacitorApp (from `../../../../node_modules/.pnpm/@capacitor+app@8.1.0_@capacitor+core@8.3.3/node_modules/@capacitor/app`)"
  - "CapacitorCordova (from `../../../../node_modules/.pnpm/@capacitor+ios@8.3.3_@capacitor+core@8.3.3/node_modules/@capacitor/ios`)"
  - "CapacitorFirebaseAuthentication (from `../../../../node_modules/.pnpm/@capacitor-firebase+authentication@8.3.0_@capacitor+core@8.3.3_firebase@12.15.0/node_modules/@capacitor-firebase/authentication`)"
  - "CapacitorHaptics (from `../../../../node_modules/.pnpm/@capacitor+haptics@8.0.2_@capacitor+core@8.3.3/node_modules/@capacitor/haptics`)"
  - "CapacitorNetwork (from `../../../../node_modules/.pnpm/@capacitor+network@8.0.1_@capacitor+core@8.3.3/node_modules/@capacitor/network`)"
  - "CapacitorPreferences (from `../../../../node_modules/.pnpm/@capacitor+preferences@8.0.1_@capacitor+core@8.3.3/node_modules/@capacitor/preferences`)"
  - "CapacitorPushNotifications (from `../../../../node_modules/.pnpm/@capacitor+push-notifications@8.0.4_@capacitor+core@8.3.3/node_modules/@capacitor/push-notifications`)"
  - "CapacitorScreenOrientation (from `../../../../node_modules/.pnpm/@capacitor+screen-orientation@8.0.1_@capacitor+core@8.3.3/node_modules/@capacitor/screen-orientation`)"
  - "CapacitorSplashScreen (from `../../../../node_modules/.pnpm/@capacitor+splash-screen@8.0.1_@capacitor+core@8.3.3/node_modules/@capacitor/splash-screen`)"
  - "CapacitorStatusBar (from `../../../../node_modules/.pnpm/@capacitor+status-bar@8.0.2_@capacitor+core@8.3.3/node_modules/@capacitor/status-bar`)"
  - "CapawesomeCapacitorAppUpdate (from `../../../../node_modules/.pnpm/@capawesome+capacitor-app-update@8.0.3_@capacitor+core@8.3.3/node_modules/@capawesome/capacitor-app-update`)"
  - "CapgoCapacitorContacts (from `../../../../node_modules/.pnpm/@capgo+capacitor-contacts@8.0.17_@capacitor+core@8.3.3/node_modules/@capgo/capacitor-contacts`)"
  - "CapgoCapacitorUpdater (from `../../../../node_modules/.pnpm/@capgo+capacitor-updater@8.49.7_@capacitor+core@8.3.3/node_modules/@capgo/capacitor-updater`)"
  - "CapgoInappbrowser (from `../../../../node_modules/.pnpm/@capgo+inappbrowser@8.0.6_@capacitor+core@8.3.3/node_modules/@capgo/inappbrowser`)"
  - FirebaseMessaging (~> 12.7)

SPEC REPOS:
  trunk:
    - Alamofire
    - BigInt
    - FirebaseAppCheckInterop
    - FirebaseAuth
    - FirebaseAuthInterop
    - FirebaseCore
    - FirebaseCoreExtension
    - FirebaseCoreInternal
    - FirebaseInstallations
    - FirebaseMessaging
    - GoogleDataTransport
    - GoogleUtilities
    - GTMSessionFetcher
    - nanopb
    - PromisesObjC
    - RecaptchaInterop
    - Version
    - ZIPFoundation

EXTERNAL SOURCES:
  Capacitor:
    :path: "../../../../node_modules/.pnpm/@capacitor+ios@8.3.3_@capacitor+core@8.3.3/node_modules/@capacitor/ios"
  CapacitorApp:
    :path: "../../../../node_modules/.pnpm/@capacitor+app@8.1.0_@capacitor+core@8.3.3/node_modules/@capacitor/app"
  CapacitorCordova:
    :path: "../../../../node_modules/.pnpm/@capacitor+ios@8.3.3_@capacitor+core@8.3.3/node_modules/@capacitor/ios"
  CapacitorFirebaseAuthentication:
    :path: "../../../../node_modules/.pnpm/@capacitor-firebase+authentication@8.3.0_@capacitor+core@8.3.3_firebase@12.15.0/node_modules/@capacitor-firebase/authentication"
  CapacitorHaptics:
    :path: "../../../../node_modules/.pnpm/@capacitor+haptics@8.0.2_@capacitor+core@8.3.3/node_modules/@capacitor/haptics"
  CapacitorNetwork:
    :path: "../../../../node_modules/.pnpm/@capacitor+network@8.0.1_@capacitor+core@8.3.3/node_modules/@capacitor/network"
  CapacitorPreferences:
    :path: "../../../../node_modules/.pnpm/@capacitor+preferences@8.0.1_@capacitor+core@8.3.3/node_modules/@capacitor/preferences"
  CapacitorPushNotifications:
    :path: "../../../../node_modules/.pnpm/@capacitor+push-notifications@8.0.4_@capacitor+core@8.3.3/node_modules/@capacitor/push-notifications"
  CapacitorScreenOrientation:
    :path: "../../../../node_modules/.pnpm/@capacitor+screen-orientation@8.0.1_@capacitor+core@8.3.3/node_modules/@capacitor/screen-orientation"
  CapacitorSplashScreen:
    :path: "../../../../node_modules/.pnpm/@capacitor+splash-screen@8.0.1_@capacitor+core@8.3.3/node_modules/@capacitor/splash-screen"
  CapacitorStatusBar:
    :path: "../../../../node_modules/.pnpm/@capacitor+status-bar@8.0.2_@capacitor+core@8.3.3/node_modules/@capacitor/status-bar"
  CapawesomeCapacitorAppUpdate:
    :path: "../../../../node_modules/.pnpm/@capawesome+capacitor-app-update@8.0.3_@capacitor+core@8.3.3/node_modules/@capawesome/capacitor-app-update"
  CapgoCapacitorContacts:
    :path: "../../../../node_modules/.pnpm/@capgo+capacitor-contacts@8.0.17_@capacitor+core@8.3.3/node_modules/@capgo/capacitor-contacts"
  CapgoCapacitorUpdater:
    :path: "../../../../node_modules/.pnpm/@capgo+capacitor-updater@8.49.7_@capacitor+core@8.3.3/node_modules/@capgo/capacitor-updater"
  CapgoInappbrowser:
    :path: "../../../../node_modules/.pnpm/@capgo+inappbrowser@8.0.6_@capacitor+core@8.3.3/node_modules/@capgo/inappbrowser"

SPEC CHECKSUMS:
  Alamofire: 7193b3b92c74a07f85569e1a6c4f4237291e7496
  BigInt: f668a80089607f521586bbe29513d708491ef2f7
  Capacitor: 54a6c0097c473050bc1eb968e2b24e1cb9e561a2
  CapacitorApp: a4d8d936cc4390859a3766f141048abe55d4076f
  CapacitorCordova: 71cde252d2c3c3e73a9586e85d2354fc8bbf0209
  CapacitorFirebaseAuthentication: 5ae63a37d9b0175049ccadcb162800acb6130cfd
  CapacitorHaptics: 4e1e84c2b74fb5918e403fb8f0e73a07d05937df
  CapacitorNetwork: 7afc28ed4d9abe1d9801264fa485db32e4420546
  CapacitorPreferences: 0fa33b3affebf12d96358b491ed7c2b39bec3270
  CapacitorPushNotifications: 024607f6d4023d6d13480156ad6f27d939a3ecad
  CapacitorScreenOrientation: 07503c9d633377427f1e122449b06b1dbc992d10
  CapacitorSplashScreen: 1281f7df4d9b4a72bccab8d03e6b2bbd17dff122
  CapacitorStatusBar: b692a4cf12b3fe3a7b7ece86da62106065d78fdc
  CapawesomeCapacitorAppUpdate: 4f528462dfa538ce5ab47136020eda033b3f1f5c
  CapgoCapacitorContacts: 1fc41fcf34769a237205d6bd15a352ab75ba579a
  CapgoCapacitorUpdater: 82199d7bf8d1a7ae285e15865df6d7239e116008
  CapgoInappbrowser: 827258eb76ec1615925f42449521e51d5604c125
  FirebaseAppCheckInterop: d58366471f1dadf2ed998b15f85c658458a10142
  FirebaseAuth: 88beaef7c688a2950541552b6dd195d22137c41a
  FirebaseAuthInterop: deb2638881b5d98c88c4371dd0de65b6110f217b
  FirebaseCore: c7b57863ce0859281a66d16ca36d665c45d332b5
  FirebaseCoreExtension: 731a5744970bcd73ad95ab2a2b8a1f46353e86dd
  FirebaseCoreInternal: 571a2dd8c975410966199623351db3a3265c874d
  FirebaseInstallations: 6d05424a046b68ca146b4de4376f05b4e9262fc3
  FirebaseMessaging: b5f7bdc62b91b6102015991fb7bc6fa75f643908
  GoogleDataTransport: aae35b7ea0c09004c3797d53c8c41f66f219d6a7
  GoogleUtilities: 4f2618a4a1e762a1ee134a1e2323bba9843e06da
  GTMSessionFetcher: 127211aeec0b1e904fc49f4f6f895dcc535b0ecf
  nanopb: fad817b59e0457d11a5dfbde799381cd727c1275
  PromisesObjC: 752c3227f599e3467650e47ea36f433eeb10c273
  RecaptchaInterop: 11e0b637842dfb48308d242afc3f448062325aba
  Version: de5907f2c5d0f3cf21708db7801d1d5401139486
  ZIPFoundation: dfd3d681c4053ff7e2f7350bc4e53b5dba3f5351

PODFILE CHECKSUM: 5979da748c370f7a36c4b33e0d916ccd7e81c3cf

COCOAPODS: 1.16.2
